
Microsoft Visual Studio Solution File, Format Version 12.00
# Visual Studio Version 16
VisualStudioVersion = 16.0.29613.14
MinimumVisualStudioVersion = 10.0.40219.1
Project("{FAE04EC0-301F-11D3-BF4B-00C04F79EFBC}") = "ConsoleProject", "ConsoleProject.csproj", "{71600AEA-6C4C-472E-81B4-DD68A748E621}"
EndProject
Global
	GlobalSection(SolutionConfigurationPlatforms) = preSolution
		Debug|Any CPU = Debug|Any CPU
		Release|Any CPU = Release|Any CPU
	EndGlobalSection
	GlobalSection(ProjectConfigurationPlatforms) = postSolution
		{71600AEA-6C4C-472E-81B4-DD68A748E621}.Debug|Any CPU.ActiveCfg = Debug|Any CPU
		{71600AEA-6C4C-472E-81B4-DD68A748E621}.Debug|Any CPU.Build.0 = Debug|Any CPU
		{71600AEA-6C4C-472E-81B4-DD68A748E621}.Release|Any CPU.ActiveCfg = Release|Any CPU
		{71600AEA-6C4C-472E-81B4-DD68A748E621}.Release|Any CPU.Build.0 = Release|Any CPU
	EndGlobalSection
	GlobalSection(SolutionProperties) = preSolution
		HideSolutionNode = FALSE
	EndGlobalSection
	GlobalSection(ExtensibilityGlobals) = postSolution
		SolutionGuid = {A6EB5BFA-96D6-40F8-B2A2-C67CF6C39589}
	EndGlobalSection
EndGlobal
